
Microsoft Visual Studio Solution File, Format Version 12.00
# Visual Studio Version 16
VisualStudioVersion = 16.0.32802.440
MinimumVisualStudioVersion = 10.0.40219.1
Project("{FAE04EC0-301F-11D3-BF4B-00C04F79EFBC}") = "Projetinho_Toguro", "Projetinho_Toguro\Projetinho_Toguro.csproj", "{CF25CC63-840D-47BD-BBC7-85CB88AB4A2F}"
EndProject
Global
	GlobalSection(SolutionConfigurationPlatforms) = preSolution
		Debug|Any CPU = Debug|Any CPU
		Release|Any CPU = Release|Any CPU
	EndGlobalSection
	GlobalSection(ProjectConfigurationPlatforms) = postSolution
		{CF25CC63-840D-47BD-BBC7-85CB88AB4A2F}.Debug|Any CPU.ActiveCfg = Debug|Any CPU
		{CF25CC63-840D-47BD-BBC7-85CB88AB4A2F}.Debug|Any CPU.Build.0 = Debug|Any CPU
		{CF25CC63-840D-47BD-BBC7-85CB88AB4A2F}.Release|Any CPU.ActiveCfg = Release|Any CPU
		{CF25CC63-840D-47BD-BBC7-85CB88AB4A2F}.Release|Any CPU.Build.0 = Release|Any CPU
	EndGlobalSection
	GlobalSection(SolutionProperties) = preSolution
		HideSolutionNode = FALSE
	EndGlobalSection
	GlobalSection(ExtensibilityGlobals) = postSolution
		SolutionGuid = {3EB32677-5BB1-427A-8ACE-4FFC09D639F7}
	EndGlobalSection
EndGlobal
